
Microsoft Visual Studio Solution File, Format Version 12.00
# Visual Studio Version 17
VisualStudioVersion = 17.2.32630.192
MinimumVisualStudioVersion = 10.0.40219.1
Project("{2150E333-8FDC-42A3-9474-1A3956D46DE8}") = "src", "src", "{680811A4-75BC-454A-B10E-8915BE9BAC58}"
EndProject
Project("{9A19103F-16F7-4668-BE54-9A1E7A4F7556}") = "Web", "src\Web\Web.csproj", "{A4E09285-BA84-472C-B518-8E0B9306203D}"
EndProject
Project("{2150E333-8FDC-42A3-9474-1A3956D46DE8}") = "Solution Items", "Solution Items", "{CAC6585B-AFE8-44C8-9A98-DD2C024319E9}"
	ProjectSection(SolutionItems) = preProject
		.editorconfig = .editorconfig
	EndProjectSection
EndProject
Global
	GlobalSection(SolutionConfigurationPlatforms) = preSolution
		Debug|Any CPU = Debug|Any CPU
		Release|Any CPU = Release|Any CPU
	EndGlobalSection
	GlobalSection(ProjectConfigurationPlatforms) = postSolution
		{A4E09285-BA84-472C-B518-8E0B9306203D}.Debug|Any CPU.ActiveCfg = Debug|Any CPU
		{A4E09285-BA84-472C-B518-8E0B9306203D}.Debug|Any CPU.Build.0 = Debug|Any CPU
		{A4E09285-BA84-472C-B518-8E0B9306203D}.Release|Any CPU.ActiveCfg = Release|Any CPU
		{A4E09285-BA84-472C-B518-8E0B9306203D}.Release|Any CPU.Build.0 = Release|Any CPU
	EndGlobalSection
	GlobalSection(SolutionProperties) = preSolution
		HideSolutionNode = FALSE
	EndGlobalSection
	GlobalSection(NestedProjects) = preSolution
		{A4E09285-BA84-472C-B518-8E0B9306203D} = {680811A4-75BC-454A-B10E-8915BE9BAC58}
	EndGlobalSection
	GlobalSection(ExtensibilityGlobals) = postSolution
		SolutionGuid = {9295CD19-E039-440A-A097-ABE7893786FE}
	EndGlobalSection
EndGlobal
